
Microsoft Visual Studio Solution File, Format Version 12.00
# Visual Studio Version 17
VisualStudioVersion = 17.11.35327.3
MinimumVisualStudioVersion = 10.0.40219.1
Project("{FAE04EC0-301F-11D3-BF4B-00C04F79EFBC}") = "PortfolioFunction", "PortfolioFunction\PortfolioFunction.csproj", "{C7AE9E3E-9D70-40B1-9831-761B3A54181B}"
EndProject
Global
	GlobalSection(SolutionConfigurationPlatforms) = preSolution
		Debug|Any CPU = Debug|Any CPU
		Release|Any CPU = Release|Any CPU
	EndGlobalSection
	GlobalSection(ProjectConfigurationPlatforms) = postSolution
		{C7AE9E3E-9D70-40B1-9831-761B3A54181B}.Debug|Any CPU.ActiveCfg = Debug|Any CPU
		{C7AE9E3E-9D70-40B1-9831-761B3A54181B}.Debug|Any CPU.Build.0 = Debug|Any CPU
		{C7AE9E3E-9D70-40B1-9831-761B3A54181B}.Release|Any CPU.ActiveCfg = Release|Any CPU
		{C7AE9E3E-9D70-40B1-9831-761B3A54181B}.Release|Any CPU.Build.0 = Release|Any CPU
	EndGlobalSection
	GlobalSection(SolutionProperties) = preSolution
		HideSolutionNode = FALSE
	EndGlobalSection
	GlobalSection(ExtensibilityGlobals) = postSolution
		SolutionGuid = {50CD23DD-2101-4E82-B824-109C817CF94D}
	EndGlobalSection
EndGlobal
